
Microsoft Visual Studio Solution File, Format Version 12.00
# Visual Studio Version 17
VisualStudioVersion = 17.2.32630.192
MinimumVisualStudioVersion = 10.0.40219.1
Project("{FAE04EC0-301F-11D3-BF4B-00C04F79EFBC}") = "TIA_almacenamiento_de_datos", "TIA_almacenamiento_de_datos\TIA_almacenamiento_de_datos.csproj", "{5FF5BDA2-5035-4C1A-8CE2-420D52DF0D9C}"
EndProject
Global
	GlobalSection(SolutionConfigurationPlatforms) = preSolution
		Debug|Any CPU = Debug|Any CPU
		Release|Any CPU = Release|Any CPU
	EndGlobalSection
	GlobalSection(ProjectConfigurationPlatforms) = postSolution
		{5FF5BDA2-5035-4C1A-8CE2-420D52DF0D9C}.Debug|Any CPU.ActiveCfg = Debug|Any CPU
		{5FF5BDA2-5035-4C1A-8CE2-420D52DF0D9C}.Debug|Any CPU.Build.0 = Debug|Any CPU
		{5FF5BDA2-5035-4C1A-8CE2-420D52DF0D9C}.Release|Any CPU.ActiveCfg = Release|Any CPU
		{5FF5BDA2-5035-4C1A-8CE2-420D52DF0D9C}.Release|Any CPU.Build.0 = Release|Any CPU
	EndGlobalSection
	GlobalSection(SolutionProperties) = preSolution
		HideSolutionNode = FALSE
	EndGlobalSection
	GlobalSection(ExtensibilityGlobals) = postSolution
		SolutionGuid = {2FB04891-7363-45FF-B5B9-35D58CF1F32B}
	EndGlobalSection
EndGlobal
